
Microsoft Visual Studio Solution File, Format Version 12.00
# Visual Studio Version 16
VisualStudioVersion = 16.0.28917.181
MinimumVisualStudioVersion = 10.0.40219.1
Project("{FAE04EC0-301F-11D3-BF4B-00C04F79EFBC}") = "services", "services\services.csproj", "{8723687B-7446-4449-B1C9-81EF01BD6C07}"
EndProject
Project("{2150E333-8FDC-42A3-9474-1A3956D46DE8}") = ".nuget", ".nuget", "{6CA27549-D48E-4FCE-9427-CFDCFB21C1CA}"
EndProject
Global
	GlobalSection(SolutionConfigurationPlatforms) = preSolution
		Debug|Any CPU = Debug|Any CPU
		Release|Any CPU = Release|Any CPU
	EndGlobalSection
	GlobalSection(ProjectConfigurationPlatforms) = postSolution
		{8723687B-7446-4449-B1C9-81EF01BD6C07}.Debug|Any CPU.ActiveCfg = Debug|Any CPU
		{8723687B-7446-4449-B1C9-81EF01BD6C07}.Debug|Any CPU.Build.0 = Debug|Any CPU
		{8723687B-7446-4449-B1C9-81EF01BD6C07}.Release|Any CPU.ActiveCfg = Release|Any CPU
		{8723687B-7446-4449-B1C9-81EF01BD6C07}.Release|Any CPU.Build.0 = Release|Any CPU
	EndGlobalSection
	GlobalSection(SolutionProperties) = preSolution
		HideSolutionNode = FALSE
	EndGlobalSection
	GlobalSection(NestedProjects) = preSolution
		{8723687B-7446-4449-B1C9-81EF01BD6C07} = {6CA27549-D48E-4FCE-9427-CFDCFB21C1CA}
	EndGlobalSection
	GlobalSection(ExtensibilityGlobals) = postSolution
		SolutionGuid = {49F3E54E-BCDB-4BDD-9F90-6E9ECE5258E7}
	EndGlobalSection
EndGlobal
